
Microsoft Visual Studio Solution File, Format Version 12.00
# Visual Studio 14
VisualStudioVersion = 14.0.25420.1
MinimumVisualStudioVersion = 10.0.40219.1
Project("{2150E333-8FDC-42A3-9474-1A3956D46DE8}") = "tests", "tests", "{766BE831-F758-46BC-AFD3-BBEEFE0F686F}"
EndProject
Project("{2150E333-8FDC-42A3-9474-1A3956D46DE8}") = "build", "build", "{15E186DF-8918-44F1-9285-9756EDAECA5D}"
	ProjectSection(SolutionItems) = preProject
		appveyor.yml = appveyor.yml
		.nuget\packages.config = .nuget\packages.config
		psake-project.ps1 = psake-project.ps1
		src\SharedAssemblyInfo.cs = src\SharedAssemblyInfo.cs
	EndProjectSection
EndProject
Project("{2150E333-8FDC-42A3-9474-1A3956D46DE8}") = "nuspecs", "nuspecs", "{5E687025-A525-4534-8869-CB685C7B11C4}"
	ProjectSection(SolutionItems) = preProject
		nuspecs\Hangfire.SqlServer.RabbitMQ.nuspec = nuspecs\Hangfire.SqlServer.RabbitMQ.nuspec
	EndProjectSection
EndProject
Project("{FAE04EC0-301F-11D3-BF4B-00C04F79EFBC}") = "Hangfire.SqlServer.RabbitMq.Tests", "tests\Hangfire.SqlServer.RabbitMq.Tests\Hangfire.SqlServer.RabbitMq.Tests.csproj", "{2654D751-33D5-411D-A187-D057FED9CD25}"
EndProject
Project("{FAE04EC0-301F-11D3-BF4B-00C04F79EFBC}") = "Hangfire.SqlServer.RabbitMq", "src\Hangfire.SqlServer.RabbitMq\Hangfire.SqlServer.RabbitMq.csproj", "{4CC51F69-0311-4485-B7DE-9ECAB3A1B5E5}"
EndProject
Global
	GlobalSection(SolutionConfigurationPlatforms) = preSolution
		Debug|Any CPU = Debug|Any CPU
		Release|Any CPU = Release|Any CPU
	EndGlobalSection
	GlobalSection(ProjectConfigurationPlatforms) = postSolution
		{2654D751-33D5-411D-A187-D057FED9CD25}.Debug|Any CPU.ActiveCfg = Debug|Any CPU
		{2654D751-33D5-411D-A187-D057FED9CD25}.Debug|Any CPU.Build.0 = Debug|Any CPU
		{2654D751-33D5-411D-A187-D057FED9CD25}.Release|Any CPU.ActiveCfg = Release|Any CPU
		{2654D751-33D5-411D-A187-D057FED9CD25}.Release|Any CPU.Build.0 = Release|Any CPU
		{4CC51F69-0311-4485-B7DE-9ECAB3A1B5E5}.Debug|Any CPU.ActiveCfg = Debug|Any CPU
		{4CC51F69-0311-4485-B7DE-9ECAB3A1B5E5}.Debug|Any CPU.Build.0 = Debug|Any CPU
		{4CC51F69-0311-4485-B7DE-9ECAB3A1B5E5}.Release|Any CPU.ActiveCfg = Release|Any CPU
		{4CC51F69-0311-4485-B7DE-9ECAB3A1B5E5}.Release|Any CPU.Build.0 = Release|Any CPU
	EndGlobalSection
	GlobalSection(SolutionProperties) = preSolution
		HideSolutionNode = FALSE
	EndGlobalSection
EndGlobal
