
Microsoft Visual Studio Solution File, Format Version 12.00
# Visual Studio Version 16
VisualStudioVersion = 16.0.29209.62
MinimumVisualStudioVersion = 10.0.40219.1
Project("{9A19103F-16F7-4668-BE54-9A1E7A4F7556}") = "Hangfire.SqlServer.RabbitMq", "src\Hangfire.SqlServer.RabbitMq\Hangfire.SqlServer.RabbitMq.csproj", "{4DF0055D-2D50-4D84-84D0-22E547085F77}"
EndProject
Project("{2150E333-8FDC-42A3-9474-1A3956D46DE8}") = "tests", "tests", "{E948C5F9-0D40-4389-B02E-B9E8169E8713}"
EndProject
Project("{2150E333-8FDC-42A3-9474-1A3956D46DE8}") = ".nuget", ".nuget", "{AB61504F-486B-4049-9FB6-150962792908}"
	ProjectSection(SolutionItems) = preProject
		.nuget\packages.config = .nuget\packages.config
	EndProjectSection
EndProject
Project("{2150E333-8FDC-42A3-9474-1A3956D46DE8}") = "build", "build", "{39890CF7-8357-4580-9B50-2B5213921D72}"
	ProjectSection(SolutionItems) = preProject
		appveyor.yml = appveyor.yml
		psake-project.ps1 = psake-project.ps1
		src\SharedAssemblyInfo.cs = src\SharedAssemblyInfo.cs
	EndProjectSection
EndProject
Project("{2150E333-8FDC-42A3-9474-1A3956D46DE8}") = "nuspecs", "nuspecs", "{E8782CBD-DF38-4D36-8195-27C4AC0FA094}"
	ProjectSection(SolutionItems) = preProject
		nuspecs\Hangfire.SqlServer.RabbitMq.nuspec = nuspecs\Hangfire.SqlServer.RabbitMq.nuspec
	EndProjectSection
EndProject
Project("{9A19103F-16F7-4668-BE54-9A1E7A4F7556}") = "Hangfire.SqlServer.RabbitMq.Tests", "tests\Hangfire.SqlServer.RabbitMq.Tests\Hangfire.SqlServer.RabbitMq.Tests.csproj", "{A63E78C8-ED33-48F3-8D82-2B9BD7A4FD51}"
EndProject
Global
	GlobalSection(SolutionConfigurationPlatforms) = preSolution
		Debug|Any CPU = Debug|Any CPU
		Release|Any CPU = Release|Any CPU
	EndGlobalSection
	GlobalSection(ProjectConfigurationPlatforms) = postSolution
		{4DF0055D-2D50-4D84-84D0-22E547085F77}.Debug|Any CPU.ActiveCfg = Debug|Any CPU
		{4DF0055D-2D50-4D84-84D0-22E547085F77}.Debug|Any CPU.Build.0 = Debug|Any CPU
		{4DF0055D-2D50-4D84-84D0-22E547085F77}.Release|Any CPU.ActiveCfg = Release|Any CPU
		{4DF0055D-2D50-4D84-84D0-22E547085F77}.Release|Any CPU.Build.0 = Release|Any CPU
		{A63E78C8-ED33-48F3-8D82-2B9BD7A4FD51}.Debug|Any CPU.ActiveCfg = Debug|Any CPU
		{A63E78C8-ED33-48F3-8D82-2B9BD7A4FD51}.Debug|Any CPU.Build.0 = Debug|Any CPU
		{A63E78C8-ED33-48F3-8D82-2B9BD7A4FD51}.Release|Any CPU.ActiveCfg = Release|Any CPU
		{A63E78C8-ED33-48F3-8D82-2B9BD7A4FD51}.Release|Any CPU.Build.0 = Release|Any CPU
	EndGlobalSection
	GlobalSection(SolutionProperties) = preSolution
		HideSolutionNode = FALSE
	EndGlobalSection
	GlobalSection(NestedProjects) = preSolution
		{A63E78C8-ED33-48F3-8D82-2B9BD7A4FD51} = {E948C5F9-0D40-4389-B02E-B9E8169E8713}
	EndGlobalSection
	GlobalSection(ExtensibilityGlobals) = postSolution
		SolutionGuid = {27F80A24-DF7B-4E0D-9FE3-942ED403C331}
	EndGlobalSection
EndGlobal
